
Microsoft Visual Studio Solution File, Format Version 12.00
# Visual Studio Version 17
VisualStudioVersion = 17.10.35027.167
MinimumVisualStudioVersion = 10.0.40219.1
Project("{9A19103F-16F7-4668-BE54-9A1E7A4F7556}") = "NugetDemo.ConsoleApp", "NugetDemo.ConsoleApp\NugetDemo.ConsoleApp.csproj", "{32FA62DA-1A48-4F13-A69C-BE834810372D}"
EndProject
Project("{FAE04EC0-301F-11D3-BF4B-00C04F79EFBC}") = "NugetDemo.PackageDemo", "NugetDemo.PackageDemo\NugetDemo.PackageDemo.csproj", "{DFBCA00A-C787-4D24-940E-0612F7FBE846}"
EndProject
Global
	GlobalSection(SolutionConfigurationPlatforms) = preSolution
		Debug|Any CPU = Debug|Any CPU
		Release|Any CPU = Release|Any CPU
	EndGlobalSection
	GlobalSection(ProjectConfigurationPlatforms) = postSolution
		{32FA62DA-1A48-4F13-A69C-BE834810372D}.Debug|Any CPU.ActiveCfg = Debug|Any CPU
		{32FA62DA-1A48-4F13-A69C-BE834810372D}.Debug|Any CPU.Build.0 = Debug|Any CPU
		{32FA62DA-1A48-4F13-A69C-BE834810372D}.Release|Any CPU.ActiveCfg = Release|Any CPU
		{32FA62DA-1A48-4F13-A69C-BE834810372D}.Release|Any CPU.Build.0 = Release|Any CPU
		{DFBCA00A-C787-4D24-940E-0612F7FBE846}.Debug|Any CPU.ActiveCfg = Debug|Any CPU
		{DFBCA00A-C787-4D24-940E-0612F7FBE846}.Debug|Any CPU.Build.0 = Debug|Any CPU
		{DFBCA00A-C787-4D24-940E-0612F7FBE846}.Release|Any CPU.ActiveCfg = Release|Any CPU
		{DFBCA00A-C787-4D24-940E-0612F7FBE846}.Release|Any CPU.Build.0 = Release|Any CPU
	EndGlobalSection
	GlobalSection(SolutionProperties) = preSolution
		HideSolutionNode = FALSE
	EndGlobalSection
	GlobalSection(ExtensibilityGlobals) = postSolution
		SolutionGuid = {8A62AC71-D034-4328-A329-8213E4624CEB}
	EndGlobalSection
EndGlobal
